<?xml version="1.0" encoding="utf-8"?>
<Project ToolsVersion="4.0" xmlns="http://schemas.microsoft.com/developer/msbuild/2003">
  <ItemGroup>
    <Filter Include="Source Files">
      <UniqueIdentifier>{4FC737F1-C7A5-4376-A066-2A32D752A2FF}</UniqueIdentifier>
      <Extensions>cpp;c;cc;cxx;def;odl;idl;hpj;bat;asm;asmx</Extensions>
    </Filter>
    <Filter Include="Header Files">
      <UniqueIdentifier>{93995380-89BD-4b04-88EB-625FBE52EBFB}</UniqueIdentifier>
      <Extensions>h;hh;hpp;hxx;hm;inl;inc;xsd</Extensions>
    </Filter>
    <Filter Include="Resource Files">
      <UniqueIdentifier>{67DA6AB6-F800-4c08-8B7A-83BB121AAD01}</UniqueIdentifier>
      <Extensions>rc;ico;cur;bmp;dlg;rc2;rct;bin;rgs;gif;jpg;jpeg;jpe;resx;tiff;tif;png;wav;mfcribbon-ms</Extensions>
    </Filter>
    <Filter Include="LLSIF Event Types">
      <UniqueIdentifier>{bbd10bd8-0aaa-440f-bc22-8a12249c41fe}</UniqueIdentifier>
    </Filter>
    <Filter Include="UI Related">
      <UniqueIdentifier>{ffe3655a-cfb2-4bd4-a696-77402a62025e}</UniqueIdentifier>
    </Filter>
  </ItemGroup>
  <ItemGroup>
    <ClCompile Include="uiAbout.cpp">
      <Filter>UI Related</Filter>
    </ClCompile>
    <ClCompile Include="uiMain.cpp">
      <Filter>UI Related</Filter>
    </ClCompile>
    <ClCompile Include="scoreMatchG.cpp">
      <Filter>LLSIF Event Types</Filter>
    </ClCompile>
    <ClCompile Include="tokenCollection.cpp">
      <Filter>LLSIF Event Types</Filter>
    </ClCompile>
    <ClCompile Include="XP.cpp">
      <Filter>Source Files</Filter>
    </ClCompile>
  </ItemGroup>
  <ItemGroup>
    <ClInclude Include="uiMain.h">
      <Filter>Header Files</Filter>
    </ClInclude>
    <ClInclude Include="uiAbout.h">
      <Filter>Header Files</Filter>
    </ClInclude>
    <ClInclude Include="scoreMatchG.h">
      <Filter>LLSIF Event Types</Filter>
    </ClInclude>
    <ClInclude Include="XP.h">
      <Filter>Source Files</Filter>
    </ClInclude>
    <ClInclude Include="tokenCollection.h">
      <Filter>LLSIF Event Types</Filter>
    </ClInclude>
  </ItemGroup>
  <ItemGroup>
    <EmbeddedResource Include="uiMain.resx">
      <Filter>Resource Files</Filter>
    </EmbeddedResource>
    <EmbeddedResource Include="uiAbout.resx">
      <Filter>Resource Files</Filter>
    </EmbeddedResource>
  </ItemGroup>
</Project>